{
  "name": "aiml-example",
  "version": "0.0.1",
  "lockfileVersion": 1,
  "requires": true,
  "dependencies": {
    "aiml-high": {
      "version": "0.0.8",
      "resolved": "https://registry.npmjs.org/aiml-high/-/aiml-high-0.0.8.tgz",
      "integrity": "sha1-3tHhQJH8QTlxyGSBhNgAp/4Skl8=",
      "requires": {
        "xmldom": "0.1.27"
      }
    },
    "readline-sync": {
      "version": "1.4.9",
      "resolved": "https://registry.npmjs.org/readline-sync/-/readline-sync-1.4.9.tgz",
      "integrity": "sha1-PtqOZfI80qF+YTAbHwADOWr17No="
    },
    "xmldom": {
      "version": "0.1.27",
      "resolved": "https://registry.npmjs.org/xmldom/-/xmldom-0.1.27.tgz",
      "integrity": "sha1-1QH5ezvbQDr4757MIFcxh6rawOk="
    }
  }
}
